
Microsoft Visual Studio Solution File, Format Version 12.00
# Visual Studio 16
Project("{FAE04EC0-301F-11D3-BF4B-00C04F79EFBC}") = "Assembly-CSharp", "Assembly-CSharp.csproj", "{0A9E3D32-945D-E74C-4B44-035FB3419441}"
EndProject
Project("{FAE04EC0-301F-11D3-BF4B-00C04F79EFBC}") = "Assembly-CSharp-firstpass", "Assembly-CSharp-firstpass.csproj", "{4B5824CD-5546-DF65-30EF-D21EA7A041E7}"
EndProject
Project("{FAE04EC0-301F-11D3-BF4B-00C04F79EFBC}") = "Assembly-CSharp-Editor-firstpass", "Assembly-CSharp-Editor-firstpass.csproj", "{1E5CD925-BF5B-D177-8693-8530BA29AF60}"
EndProject
Global
	GlobalSection(SolutionConfigurationPlatforms) = preSolution
		Debug|Any CPU = Debug|Any CPU
		Release|Any CPU = Release|Any CPU
	EndGlobalSection
	GlobalSection(ProjectConfigurationPlatforms) = postSolution
		{0A9E3D32-945D-E74C-4B44-035FB3419441}.Debug|Any CPU.ActiveCfg = Debug|Any CPU
		{0A9E3D32-945D-E74C-4B44-035FB3419441}.Debug|Any CPU.Build.0 = Debug|Any CPU
		{0A9E3D32-945D-E74C-4B44-035FB3419441}.Release|Any CPU.ActiveCfg = Release|Any CPU
		{0A9E3D32-945D-E74C-4B44-035FB3419441}.Release|Any CPU.Build.0 = Release|Any CPU
		{4B5824CD-5546-DF65-30EF-D21EA7A041E7}.Debug|Any CPU.ActiveCfg = Debug|Any CPU
		{4B5824CD-5546-DF65-30EF-D21EA7A041E7}.Debug|Any CPU.Build.0 = Debug|Any CPU
		{4B5824CD-5546-DF65-30EF-D21EA7A041E7}.Release|Any CPU.ActiveCfg = Release|Any CPU
		{4B5824CD-5546-DF65-30EF-D21EA7A041E7}.Release|Any CPU.Build.0 = Release|Any CPU
		{1E5CD925-BF5B-D177-8693-8530BA29AF60}.Debug|Any CPU.ActiveCfg = Debug|Any CPU
		{1E5CD925-BF5B-D177-8693-8530BA29AF60}.Debug|Any CPU.Build.0 = Debug|Any CPU
		{1E5CD925-BF5B-D177-8693-8530BA29AF60}.Release|Any CPU.ActiveCfg = Release|Any CPU
		{1E5CD925-BF5B-D177-8693-8530BA29AF60}.Release|Any CPU.Build.0 = Release|Any CPU
	EndGlobalSection
	GlobalSection(SolutionProperties) = preSolution
		HideSolutionNode = FALSE
	EndGlobalSection
EndGlobal
